
Microsoft Visual Studio Solution File, Format Version 12.00
# Visual Studio Version 17
VisualStudioVersion = 17.3.32901.215
MinimumVisualStudioVersion = 10.0.40219.1
Project("{9A19103F-16F7-4668-BE54-9A1E7A4F7556}") = "WDPR", "WDPR.csproj", "{82068140-2D66-4091-85BC-2336DD415126}"
EndProject
Project("{FAE04EC0-301F-11D3-BF4B-00C04F79EFBC}") = "WDPRTest", "..\WDPRTest\WDPRTest.csproj", "{52014D9C-9D3F-4BB8-8573-6351B8EA6624}"
EndProject
Global
	GlobalSection(SolutionConfigurationPlatforms) = preSolution
		Debug|Any CPU = Debug|Any CPU
		Release|Any CPU = Release|Any CPU
	EndGlobalSection
	GlobalSection(ProjectConfigurationPlatforms) = postSolution
		{82068140-2D66-4091-85BC-2336DD415126}.Debug|Any CPU.ActiveCfg = Debug|Any CPU
		{82068140-2D66-4091-85BC-2336DD415126}.Debug|Any CPU.Build.0 = Debug|Any CPU
		{82068140-2D66-4091-85BC-2336DD415126}.Release|Any CPU.ActiveCfg = Release|Any CPU
		{82068140-2D66-4091-85BC-2336DD415126}.Release|Any CPU.Build.0 = Release|Any CPU
		{52014D9C-9D3F-4BB8-8573-6351B8EA6624}.Debug|Any CPU.ActiveCfg = Debug|Any CPU
		{52014D9C-9D3F-4BB8-8573-6351B8EA6624}.Debug|Any CPU.Build.0 = Debug|Any CPU
		{52014D9C-9D3F-4BB8-8573-6351B8EA6624}.Release|Any CPU.ActiveCfg = Release|Any CPU
		{52014D9C-9D3F-4BB8-8573-6351B8EA6624}.Release|Any CPU.Build.0 = Release|Any CPU
	EndGlobalSection
	GlobalSection(SolutionProperties) = preSolution
		HideSolutionNode = FALSE
	EndGlobalSection
	GlobalSection(ExtensibilityGlobals) = postSolution
		SolutionGuid = {A342ACF0-2521-441E-AF75-B201E1F75F03}
	EndGlobalSection
EndGlobal
